
Microsoft Visual Studio Solution File, Format Version 12.00
# Visual Studio 2012
Project("{FAE04EC0-301F-11D3-BF4B-00C04F79EFBC}") = "PersonalWebSite", "PersonalWebSite\PersonalWebSite.csproj", "{D988D2D6-9568-46A7-A996-17F80E51B28F}"
EndProject
Project("{2150E333-8FDC-42A3-9474-1A3956D46DE8}") = "Data", "Data", "{B0A821D0-A4D5-4040-839D-E4767D592447}"
EndProject
Global
	GlobalSection(SolutionConfigurationPlatforms) = preSolution
		Debug|Any CPU = Debug|Any CPU
		Release|Any CPU = Release|Any CPU
	EndGlobalSection
	GlobalSection(ProjectConfigurationPlatforms) = postSolution
		{D988D2D6-9568-46A7-A996-17F80E51B28F}.Debug|Any CPU.ActiveCfg = Debug|Any CPU
		{D988D2D6-9568-46A7-A996-17F80E51B28F}.Debug|Any CPU.Build.0 = Debug|Any CPU
		{D988D2D6-9568-46A7-A996-17F80E51B28F}.Release|Any CPU.ActiveCfg = Release|Any CPU
		{D988D2D6-9568-46A7-A996-17F80E51B28F}.Release|Any CPU.Build.0 = Release|Any CPU
	EndGlobalSection
	GlobalSection(SolutionProperties) = preSolution
		HideSolutionNode = FALSE
	EndGlobalSection
EndGlobal
